// !$*UTF8*$!
{
	archiveVersion = 1;
	classes = {
	};
	objectVersion = 46;
	objects = {

/* Begin PBXBuildFile section */
		944A455719C14996001A402B /* main.m in Sources */ = {isa = PBXBuildFile; fileRef = 944A455619C14996001A402B /* main.m */; };
		944A455A19C14996001A402B /* AppDelegate.m in Sources */ = {isa = PBXBuildFile; fileRef = 944A455919C14996001A402B /* AppDelegate.m */; };
		944A455D19C14996001A402B /* ViewController.m in Sources */ = {isa = PBXBuildFile; fileRef = 944A455C19C14996001A402B /* ViewController.m */; };
		944A456019C14996001A402B /* Main.storyboard in Resources */ = {isa = PBXBuildFile; fileRef = 944A455E19C14996001A402B /* Main.storyboard */; };
		944A456219C14996001A402B /* Images.xcassets in Resources */ = {isa = PBXBuildFile; fileRef = 944A456119C14996001A402B /* Images.xcassets */; };
		944A456519C14996001A402B /* LaunchScreen.xib in Resources */ = {isa = PBXBuildFile; fileRef = 944A456319C14996001A402B /* LaunchScreen.xib */; };
		944A457119C14996001A402B /* UIAlertControllerBlocksTests.m in Sources */ = {isa = PBXBuildFile; fileRef = 944A457019C14996001A402B /* UIAlertControllerBlocksTests.m */; };
		945D806D1DB8CE9100283692 /* SecondViewController.m in Sources */ = {isa = PBXBuildFile; fileRef = 945D806C1DB8CE9100283692 /* SecondViewController.m */; };
		945D806E1DB8D26A00283692 /* SecondViewController.m in Sources */ = {isa = PBXBuildFile; fileRef = 945D806C1DB8CE9100283692 /* SecondViewController.m */; };
		947490511D5BD89B00D606FB /* main.m in Sources */ = {isa = PBXBuildFile; fileRef = 947490501D5BD89B00D606FB /* main.m */; };
		9474905A1D5BD89B00D606FB /* Main.storyboard in Resources */ = {isa = PBXBuildFile; fileRef = 947490581D5BD89B00D606FB /* Main.storyboard */; };
		9474905C1D5BD89B00D606FB /* Assets.xcassets in Resources */ = {isa = PBXBuildFile; fileRef = 9474905B1D5BD89B00D606FB /* Assets.xcassets */; };
		947490611D5BD8BC00D606FB /* UIAlertController+Blocks.m in Sources */ = {isa = PBXBuildFile; fileRef = 94B2A8821A18CB60002602A4 /* UIAlertController+Blocks.m */; };
		947490621D5BDAA500D606FB /* AppDelegate.m in Sources */ = {isa = PBXBuildFile; fileRef = 944A455919C14996001A402B /* AppDelegate.m */; };
		947490631D5BDAA700D606FB /* ViewController.m in Sources */ = {isa = PBXBuildFile; fileRef = 944A455C19C14996001A402B /* ViewController.m */; };
		94B2A8831A18CB60002602A4 /* UIAlertController+Blocks.m in Sources */ = {isa = PBXBuildFile; fileRef = 94B2A8821A18CB60002602A4 /* UIAlertController+Blocks.m */; };
		94B2A8841A18CB60002602A4 /* UIAlertController+Blocks.m in Sources */ = {isa = PBXBuildFile; fileRef = 94B2A8821A18CB60002602A4 /* UIAlertController+Blocks.m */; };
/* End PBXBuildFile section */

/* Begin PBXContainerItemProxy section */
		944A456B19C14996001A402B /* PBXContainerItemProxy */ = {
			isa = PBXContainerItemProxy;
			containerPortal = 944A454919C14996001A402B /* Project object */;
			proxyType = 1;
			remoteGlobalIDString = 944A455019C14996001A402B;
			remoteInfo = UIAlertControllerBlocks;
		};
/* End PBXContainerItemProxy section */

/* Begin PBXFileReference section */
		944A455119C14996001A402B /* UIAlertControllerBlocksExample.app */ = {isa = PBXFileReference; explicitFileType = wrapper.application; includeInIndex = 0; path = UIAlertControllerBlocksExample.app; sourceTree = BUILT_PRODUCTS_DIR; };
		944A455519C14996001A402B /* Info.plist */ = {isa = PBXFileReference; lastKnownFileType = text.plist.xml; path = Info.plist; sourceTree = "<group>"; };
		944A455619C14996001A402B /* main.m */ = {isa = PBXFileReference; lastKnownFileType = sourcecode.c.objc; path = main.m; sourceTree = "<group>"; };
		944A455819C14996001A402B /* AppDelegate.h */ = {isa = PBXFileReference; lastKnownFileType = sourcecode.c.h; path = AppDelegate.h; sourceTree = "<group>"; };
		944A455919C14996001A402B /* AppDelegate.m */ = {isa = PBXFileReference; lastKnownFileType = sourcecode.c.objc; path = AppDelegate.m; sourceTree = "<group>"; };
		944A455B19C14996001A402B /* ViewController.h */ = {isa = PBXFileReference; lastKnownFileType = sourcecode.c.h; path = ViewController.h; sourceTree = "<group>"; };
		944A455C19C14996001A402B /* ViewController.m */ = {isa = PBXFileReference; lastKnownFileType = sourcecode.c.objc; path = ViewController.m; sourceTree = "<group>"; };
		944A455F19C14996001A402B /* Base */ = {isa = PBXFileReference; lastKnownFileType = file.storyboard; name = Base; path = Base.lproj/Main.storyboard; sourceTree = "<group>"; };
		944A456119C14996001A402B /* Images.xcassets */ = {isa = PBXFileReference; lastKnownFileType = folder.assetcatalog; path = Images.xcassets; sourceTree = "<group>"; };
		944A456419C14996001A402B /* Base */ = {isa = PBXFileReference; lastKnownFileType = file.xib; name = Base; path = Base.lproj/LaunchScreen.xib; sourceTree = "<group>"; };
		944A456A19C14996001A402B /* UIAlertControllerBlocksTests.xctest */ = {isa = PBXFileReference; explicitFileType = wrapper.cfbundle; includeInIndex = 0; path = UIAlertControllerBlocksTests.xctest; sourceTree = BUILT_PRODUCTS_DIR; };
		944A456F19C14996001A402B /* Info.plist */ = {isa = PBXFileReference; lastKnownFileType = text.plist.xml; path = Info.plist; sourceTree = "<group>"; };
		944A457019C14996001A402B /* UIAlertControllerBlocksTests.m */ = {isa = PBXFileReference; lastKnownFileType = sourcecode.c.objc; path = UIAlertControllerBlocksTests.m; sourceTree = "<group>"; };
		945D806B1DB8CE9100283692 /* SecondViewController.h */ = {isa = PBXFileReference; fileEncoding = 4; lastKnownFileType = sourcecode.c.h; path = SecondViewController.h; sourceTree = "<group>"; };
		945D806C1DB8CE9100283692 /* SecondViewController.m */ = {isa = PBXFileReference; fileEncoding = 4; lastKnownFileType = sourcecode.c.objc; path = SecondViewController.m; sourceTree = "<group>"; };
		9474904D1D5BD89B00D606FB /* UIAlertControllerBlocksTVExample.app */ = {isa = PBXFileReference; explicitFileType = wrapper.application; includeInIndex = 0; path = UIAlertControllerBlocksTVExample.app; sourceTree = BUILT_PRODUCTS_DIR; };
		947490501D5BD89B00D606FB /* main.m */ = {isa = PBXFileReference; lastKnownFileType = sourcecode.c.objc; path = main.m; sourceTree = "<group>"; };
		947490591D5BD89B00D606FB /* Base */ = {isa = PBXFileReference; lastKnownFileType = file.storyboard; name = Base; path = Base.lproj/Main.storyboard; sourceTree = "<group>"; };
		9474905B1D5BD89B00D606FB /* Assets.xcassets */ = {isa = PBXFileReference; lastKnownFileType = folder.assetcatalog; path = Assets.xcassets; sourceTree = "<group>"; };
		9474905D1D5BD89B00D606FB /* Info.plist */ = {isa = PBXFileReference; lastKnownFileType = text.plist.xml; path = Info.plist; sourceTree = "<group>"; };
		94B2A8811A18CB60002602A4 /* UIAlertController+Blocks.h */ = {isa = PBXFileReference; fileEncoding = 4; lastKnownFileType = sourcecode.c.h; name = "UIAlertController+Blocks.h"; path = "../UIAlertController+Blocks.h"; sourceTree = "<group>"; };
		94B2A8821A18CB60002602A4 /* UIAlertController+Blocks.m */ = {isa = PBXFileReference; fileEncoding = 4; lastKnownFileType = sourcecode.c.objc; name = "UIAlertController+Blocks.m"; path = "../UIAlertController+Blocks.m"; sourceTree = "<group>"; };
/* End PBXFileReference section */

/* Begin PBXFrameworksBuildPhase section */
		944A454E19C14996001A402B /* Frameworks */ = {
			isa = PBXFrameworksBuildPhase;
			buildActionMask = 2147483647;
			files = (
			);
			runOnlyForDeploymentPostprocessing = 0;
		};
		944A456719C14996001A402B /* Frameworks */ = {
			isa = PBXFrameworksBuildPhase;
			buildActionMask = 2147483647;
			files = (
			);
			runOnlyForDeploymentPostprocessing = 0;
		};
		9474904A1D5BD89B00D606FB /* Frameworks */ = {
			isa = PBXFrameworksBuildPhase;
			buildActionMask = 2147483647;
			files = (
			);
			runOnlyForDeploymentPostprocessing = 0;
		};
/* End PBXFrameworksBuildPhase section */

/* Begin PBXGroup section */
		944A454819C14996001A402B = {
			isa = PBXGroup;
			children = (
				94B2A8811A18CB60002602A4 /* UIAlertController+Blocks.h */,
				94B2A8821A18CB60002602A4 /* UIAlertController+Blocks.m */,
				944A455319C14996001A402B /* UIAlertControllerBlocks */,
				944A456D19C14996001A402B /* UIAlertControllerBlocksTests */,
				9474904E1D5BD89B00D606FB /* UIAlertControllerBlocksTVExample */,
				944A455219C14996001A402B /* Products */,
			);
			sourceTree = "<group>";
		};
		944A455219C14996001A402B /* Products */ = {
			isa = PBXGroup;
			children = (
				944A455119C14996001A402B /* UIAlertControllerBlocksExample.app */,
				944A456A19C14996001A402B /* UIAlertControllerBlocksTests.xctest */,
				9474904D1D5BD89B00D606FB /* UIAlertControllerBlocksTVExample.app */,
			);
			name = Products;
			sourceTree = "<group>";
		};
		944A455319C14996001A402B /* UIAlertControllerBlocks */ = {
			isa = PBXGroup;
			children = (
				944A455819C14996001A402B /* AppDelegate.h */,
				944A455919C14996001A402B /* AppDelegate.m */,
				944A455B19C14996001A402B /* ViewController.h */,
				944A455C19C14996001A402B /* ViewController.m */,
				944A455E19C14996001A402B /* Main.storyboard */,
				944A456119C14996001A402B /* Images.xcassets */,
				944A456319C14996001A402B /* LaunchScreen.xib */,
				944A455419C14996001A402B /* Supporting Files */,
				945D806B1DB8CE9100283692 /* SecondViewController.h */,
				945D806C1DB8CE9100283692 /* SecondViewController.m */,
			);
			path = UIAlertControllerBlocks;
			sourceTree = "<group>";
		};
		944A455419C14996001A402B /* Supporting Files */ = {
			isa = PBXGroup;
			children = (
				944A455519C14996001A402B /* Info.plist */,
				944A455619C14996001A402B /* main.m */,
			);
			name = "Supporting Files";
			sourceTree = "<group>";
		};
		944A456D19C14996001A402B /* UIAlertControllerBlocksTests */ = {
			isa = PBXGroup;
			children = (
				944A457019C14996001A402B /* UIAlertControllerBlocksTests.m */,
				944A456E19C14996001A402B /* Supporting Files */,
			);
			path = UIAlertControllerBlocksTests;
			sourceTree = "<group>";
		};
		944A456E19C14996001A402B /* Supporting Files */ = {
			isa = PBXGroup;
			children = (
				944A456F19C14996001A402B /* Info.plist */,
			);
			name = "Supporting Files";
			sourceTree = "<group>";
		};
		9474904E1D5BD89B00D606FB /* UIAlertControllerBlocksTVExample */ = {
			isa = PBXGroup;
			children = (
				947490581D5BD89B00D606FB /* Main.storyboard */,
				9474905B1D5BD89B00D606FB /* Assets.xcassets */,
				9474905D1D5BD89B00D606FB /* Info.plist */,
				9474904F1D5BD89B00D606FB /* Supporting Files */,
			);
			path = UIAlertControllerBlocksTVExample;
			sourceTree = "<group>";
		};
		9474904F1D5BD89B00D606FB /* Supporting Files */ = {
			isa = PBXGroup;
			children = (
				947490501D5BD89B00D606FB /* main.m */,
			);
			name = "Supporting Files";
			sourceTree = "<group>";
		};
/* End PBXGroup section */

/* Begin PBXNativeTarget section */
		944A455019C14996001A402B /* UIAlertControllerBlocksExample */ = {
			isa = PBXNativeTarget;
			buildConfigurationList = 944A457419C14996001A402B /* Build configuration list for PBXNativeTarget "UIAlertControllerBlocksExample" */;
			buildPhases = (
				944A454D19C14996001A402B /* Sources */,
				944A454E19C14996001A402B /* Frameworks */,
				944A454F19C14996001A402B /* Resources */,
			);
			buildRules = (
			);
			dependencies = (
			);
			name = UIAlertControllerBlocksExample;
			productName = UIAlertControllerBlocks;
			productReference = 944A455119C14996001A402B /* UIAlertControllerBlocksExample.app */;
			productType = "com.apple.product-type.application";
		};
		944A456919C14996001A402B /* UIAlertControllerBlocksTests */ = {
			isa = PBXNativeTarget;
			buildConfigurationList = 944A457719C14996001A402B /* Build configuration list for PBXNativeTarget "UIAlertControllerBlocksTests" */;
			buildPhases = (
				944A456619C14996001A402B /* Sources */,
				944A456719C14996001A402B /* Frameworks */,
				944A456819C14996001A402B /* Resources */,
			);
			buildRules = (
			);
			dependencies = (
				944A456C19C14996001A402B /* PBXTargetDependency */,
			);
			name = UIAlertControllerBlocksTests;
			productName = UIAlertControllerBlocksTests;
			productReference = 944A456A19C14996001A402B /* UIAlertControllerBlocksTests.xctest */;
			productType = "com.apple.product-type.bundle.unit-test";
		};
		9474904C1D5BD89B00D606FB /* UIAlertControllerBlocksTVExample */ = {
			isa = PBXNativeTarget;
			buildConfigurationList = 9474905E1D5BD89B00D606FB /* Build configuration list for PBXNativeTarget "UIAlertControllerBlocksTVExample" */;
			buildPhases = (
				947490491D5BD89B00D606FB /* Sources */,
				9474904A1D5BD89B00D606FB /* Frameworks */,
				9474904B1D5BD89B00D606FB /* Resources */,
			);
			buildRules = (
			);
			dependencies = (
			);
			name = UIAlertControllerBlocksTVExample;
			productName = UIAlertControllerBlocksTVExample;
			productReference = 9474904D1D5BD89B00D606FB /* UIAlertControllerBlocksTVExample.app */;
			productType = "com.apple.product-type.application";
		};
/* End PBXNativeTarget section */

/* Begin PBXProject section */
		944A454919C14996001A402B /* Project object */ = {
			isa = PBXProject;
			attributes = {
				LastUpgradeCheck = 0600;
				ORGANIZATIONNAME = "Ryan Maxwell";
				TargetAttributes = {
					944A455019C14996001A402B = {
						CreatedOnToolsVersion = 6.0;
					};
					944A456919C14996001A402B = {
						CreatedOnToolsVersion = 6.0;
						TestTargetID = 944A455019C14996001A402B;
					};
					9474904C1D5BD89B00D606FB = {
						CreatedOnToolsVersion = 7.3.1;
					};
				};
			};
			buildConfigurationList = 944A454C19C14996001A402B /* Build configuration list for PBXProject "UIAlertControllerBlocks" */;
			compatibilityVersion = "Xcode 3.2";
			developmentRegion = English;
			hasScannedForEncodings = 0;
			knownRegions = (
				en,
				Base,
			);
			mainGroup = 944A454819C14996001A402B;
			productRefGroup = 944A455219C14996001A402B /* Products */;
			projectDirPath = "";
			projectRoot = "";
			targets = (
				944A455019C14996001A402B /* UIAlertControllerBlocksExample */,
				944A456919C14996001A402B /* UIAlertControllerBlocksTests */,
				9474904C1D5BD89B00D606FB /* UIAlertControllerBlocksTVExample */,
			);
		};
/* End PBXProject section */

/* Begin PBXResourcesBuildPhase section */
		944A454F19C14996001A402B /* Resources */ = {
			isa = PBXResourcesBuildPhase;
			buildActionMask = 2147483647;
			files = (
				944A456019C14996001A402B /* Main.storyboard in Resources */,
				944A456519C14996001A402B /* LaunchScreen.xib in Resources */,
				944A456219C14996001A402B /* Images.xcassets in Resources */,
			);
			runOnlyForDeploymentPostprocessing = 0;
		};
		944A456819C14996001A402B /* Resources */ = {
			isa = PBXResourcesBuildPhase;
			buildActionMask = 2147483647;
			files = (
			);
			runOnlyForDeploymentPostprocessing = 0;
		};
		9474904B1D5BD89B00D606FB /* Resources */ = {
			isa = PBXResourcesBuildPhase;
			buildActionMask = 2147483647;
			files = (
				9474905C1D5BD89B00D606FB /* Assets.xcassets in Resources */,
				9474905A1D5BD89B00D606FB /* Main.storyboard in Resources */,
			);
			runOnlyForDeploymentPostprocessing = 0;
		};
/* End PBXResourcesBuildPhase section */

/* Begin PBXSourcesBuildPhase section */
		944A454D19C14996001A402B /* Sources */ = {
			isa = PBXSourcesBuildPhase;
			buildActionMask = 2147483647;
			files = (
				945D806D1DB8CE9100283692 /* SecondViewController.m in Sources */,
				94B2A8831A18CB60002602A4 /* UIAlertController+Blocks.m in Sources */,
				944A455D19C14996001A402B /* ViewController.m in Sources */,
				944A455A19C14996001A402B /* AppDelegate.m in Sources */,
				944A455719C14996001A402B /* main.m in Sources */,
			);
			runOnlyForDeploymentPostprocessing = 0;
		};
		944A456619C14996001A402B /* Sources */ = {
			isa = PBXSourcesBuildPhase;
			buildActionMask = 2147483647;
			files = (
				94B2A8841A18CB60002602A4 /* UIAlertController+Blocks.m in Sources */,
				944A457119C14996001A402B /* UIAlertControllerBlocksTests.m in Sources */,
			);
			runOnlyForDeploymentPostprocessing = 0;
		};
		947490491D5BD89B00D606FB /* Sources */ = {
			isa = PBXSourcesBuildPhase;
			buildActionMask = 2147483647;
			files = (
				945D806E1DB8D26A00283692 /* SecondViewController.m in Sources */,
				947490611D5BD8BC00D606FB /* UIAlertController+Blocks.m in Sources */,
				947490511D5BD89B00D606FB /* main.m in Sources */,
				947490631D5BDAA700D606FB /* ViewController.m in Sources */,
				947490621D5BDAA500D606FB /* AppDelegate.m in Sources */,
			);
			runOnlyForDeploymentPostprocessing = 0;
		};
/* End PBXSourcesBuildPhase section */

/* Begin PBXTargetDependency section */
		944A456C19C14996001A402B /* PBXTargetDependency */ = {
			isa = PBXTargetDependency;
			target = 944A455019C14996001A402B /* UIAlertControllerBlocksExample */;
			targetProxy = 944A456B19C14996001A402B /* PBXContainerItemProxy */;
		};
/* End PBXTargetDependency section */

/* Begin PBXVariantGroup section */
		944A455E19C14996001A402B /* Main.storyboard */ = {
			isa = PBXVariantGroup;
			children = (
				944A455F19C14996001A402B /* Base */,
			);
			name = Main.storyboard;
			sourceTree = "<group>";
		};
		944A456319C14996001A402B /* LaunchScreen.xib */ = {
			isa = PBXVariantGroup;
			children = (
				944A456419C14996001A402B /* Base */,
			);
			name = LaunchScreen.xib;
			sourceTree = "<group>";
		};
		947490581D5BD89B00D606FB /* Main.storyboard */ = {
			isa = PBXVariantGroup;
			children = (
				947490591D5BD89B00D606FB /* Base */,
			);
			name = Main.storyboard;
			sourceTree = "<group>";
		};
/* End PBXVariantGroup section */

/* Begin XCBuildConfiguration section */
		944A457219C14996001A402B /* Debug */ = {
			isa = XCBuildConfiguration;
			buildSettings = {
				ALWAYS_SEARCH_USER_PATHS = NO;
				CLANG_CXX_LANGUAGE_STANDARD = "gnu++0x";
				CLANG_CXX_LIBRARY = "libc++";
				CLANG_ENABLE_MODULES = YES;
				CLANG_ENABLE_OBJC_ARC = YES;
				CLANG_WARN_BOOL_CONVERSION = YES;
				CLANG_WARN_CONSTANT_CONVERSION = YES;
				CLANG_WARN_DIRECT_OBJC_ISA_USAGE = YES_ERROR;
				CLANG_WARN_EMPTY_BODY = YES;
				CLANG_WARN_ENUM_CONVERSION = YES;
				CLANG_WARN_INT_CONVERSION = YES;
				CLANG_WARN_OBJC_ROOT_CLASS = YES_ERROR;
				CLANG_WARN_UNREACHABLE_CODE = YES;
				CLANG_WARN__DUPLICATE_METHOD_MATCH = YES;
				"CODE_SIGN_IDENTITY[sdk=iphoneos*]" = "iPhone Developer";
				COPY_PHASE_STRIP = NO;
				ENABLE_STRICT_OBJC_MSGSEND = YES;
				GCC_C_LANGUAGE_STANDARD = gnu99;
				GCC_DYNAMIC_NO_PIC = NO;
				GCC_OPTIMIZATION_LEVEL = 0;
				GCC_PREPROCESSOR_DEFINITIONS = (
					"DEBUG=1",
					"$(inherited)",
				);
				GCC_SYMBOLS_PRIVATE_EXTERN = NO;
				GCC_WARN_64_TO_32_BIT_CONVERSION = YES;
				GCC_WARN_ABOUT_RETURN_TYPE = YES_ERROR;
				GCC_WARN_UNDECLARED_SELECTOR = YES;
				GCC_WARN_UNINITIALIZED_AUTOS = YES_AGGRESSIVE;
				GCC_WARN_UNUSED_FUNCTION = YES;
				GCC_WARN_UNUSED_VARIABLE = YES;
				IPHONEOS_DEPLOYMENT_TARGET = 8.0;
				MTL_ENABLE_DEBUG_INFO = YES;
				ONLY_ACTIVE_ARCH = YES;
				SDKROOT = iphoneos;
				TARGETED_DEVICE_FAMILY = "1,2";
			};
			name = Debug;
		};
		944A457319C14996001A402B /* Release */ = {
			isa = XCBuildConfiguration;
			buildSettings = {
				ALWAYS_SEARCH_USER_PATHS = NO;
				CLANG_CXX_LANGUAGE_STANDARD = "gnu++0x";
				CLANG_CXX_LIBRARY = "libc++";
				CLANG_ENABLE_MODULES = YES;
				CLANG_ENABLE_OBJC_ARC = YES;
				CLANG_WARN_BOOL_CONVERSION = YES;
				CLANG_WARN_CONSTANT_CONVERSION = YES;
				CLANG_WARN_DIRECT_OBJC_ISA_USAGE = YES_ERROR;
				CLANG_WARN_EMPTY_BODY = YES;
				CLANG_WARN_ENUM_CONVERSION = YES;
				CLANG_WARN_INT_CONVERSION = YES;
				CLANG_WARN_OBJC_ROOT_CLASS = YES_ERROR;
				CLANG_WARN_UNREACHABLE_CODE = YES;
				CLANG_WARN__DUPLICATE_METHOD_MATCH = YES;
				"CODE_SIGN_IDENTITY[sdk=iphoneos*]" = "iPhone Developer";
				COPY_PHASE_STRIP = YES;
				ENABLE_NS_ASSERTIONS = NO;
				ENABLE_STRICT_OBJC_MSGSEND = YES;
				GCC_C_LANGUAGE_STANDARD = gnu99;
				GCC_WARN_64_TO_32_BIT_CONVERSION = YES;
				GCC_WARN_ABOUT_RETURN_TYPE = YES_ERROR;
				GCC_WARN_UNDECLARED_SELECTOR = YES;
				GCC_WARN_UNINITIALIZED_AUTOS = YES_AGGRESSIVE;
				GCC_WARN_UNUSED_FUNCTION = YES;
				GCC_WARN_UNUSED_VARIABLE = YES;
				IPHONEOS_DEPLOYMENT_TARGET = 8.0;
				MTL_ENABLE_DEBUG_INFO = NO;
				SDKROOT = iphoneos;
				TARGETED_DEVICE_FAMILY = "1,2";
				VALIDATE_PRODUCT = YES;
			};
			name = Release;
		};
		944A457519C14996001A402B /* Debug */ = {
			isa = XCBuildConfiguration;
			buildSettings = {
				ASSETCATALOG_COMPILER_APPICON_NAME = AppIcon;
				INFOPLIST_FILE = UIAlertControllerBlocks/Info.plist;
				LD_RUNPATH_SEARCH_PATHS = "$(inherited) @executable_path/Frameworks";
				PRODUCT_NAME = "$(TARGET_NAME)";
			};
			name = Debug;
		};
		944A457619C14996001A402B /* Release */ = {
			isa = XCBuildConfiguration;
			buildSettings = {
				ASSETCATALOG_COMPILER_APPICON_NAME = AppIcon;
				INFOPLIST_FILE = UIAlertControllerBlocks/Info.plist;
				LD_RUNPATH_SEARCH_PATHS = "$(inherited) @executable_path/Frameworks";
				PRODUCT_NAME = "$(TARGET_NAME)";
			};
			name = Release;
		};
		944A457819C14996001A402B /* Debug */ = {
			isa = XCBuildConfiguration;
			buildSettings = {
				BUNDLE_LOADER = "$(TEST_HOST)";
				FRAMEWORK_SEARCH_PATHS = (
					"$(SDKROOT)/Developer/Library/Frameworks",
					"$(inherited)",
				);
				GCC_PREPROCESSOR_DEFINITIONS = (
					"DEBUG=1",
					"$(inherited)",
				);
				INFOPLIST_FILE = UIAlertControllerBlocksTests/Info.plist;
				LD_RUNPATH_SEARCH_PATHS = "$(inherited) @executable_path/Frameworks @loader_path/Frameworks";
				PRODUCT_NAME = "$(TARGET_NAME)";
				TEST_HOST = "$(BUILT_PRODUCTS_DIR)/UIAlertControllerBlocks.app/UIAlertControllerBlocks";
			};
			name = Debug;
		};
		944A457919C14996001A402B /* Release */ = {
			isa = XCBuildConfiguration;
			buildSettings = {
				BUNDLE_LOADER = "$(TEST_HOST)";
				FRAMEWORK_SEARCH_PATHS = (
					"$(SDKROOT)/Developer/Library/Frameworks",
					"$(inherited)",
				);
				INFOPLIST_FILE = UIAlertControllerBlocksTests/Info.plist;
				LD_RUNPATH_SEARCH_PATHS = "$(inherited) @executable_path/Frameworks @loader_path/Frameworks";
				PRODUCT_NAME = "$(TARGET_NAME)";
				TEST_HOST = "$(BUILT_PRODUCTS_DIR)/UIAlertControllerBlocks.app/UIAlertControllerBlocks";
			};
			name = Release;
		};
		9474905F1D5BD89B00D606FB /* Debug */ = {
			isa = XCBuildConfiguration;
			buildSettings = {
				ASSETCATALOG_COMPILER_APPICON_NAME = "App Icon & Top Shelf Image";
				ASSETCATALOG_COMPILER_LAUNCHIMAGE_NAME = LaunchImage;
				CLANG_ANALYZER_NONNULL = YES;
				DEBUG_INFORMATION_FORMAT = dwarf;
				ENABLE_TESTABILITY = YES;
				GCC_NO_COMMON_BLOCKS = YES;
				INFOPLIST_FILE = UIAlertControllerBlocksTVExample/Info.plist;
				LD_RUNPATH_SEARCH_PATHS = "$(inherited) @executable_path/Frameworks";
				PRODUCT_BUNDLE_IDENTIFIER = nz.co.xwell.UIAlertControllerBlocksTVExample;
				PRODUCT_NAME = "$(TARGET_NAME)";
				SDKROOT = appletvos;
				TARGETED_DEVICE_FAMILY = 3;
				TVOS_DEPLOYMENT_TARGET = 9.2;
			};
			name = Debug;
		};
		947490601D5BD89B00D606FB /* Release */ = {
			isa = XCBuildConfiguration;
			buildSettings = {
				ASSETCATALOG_COMPILER_APPICON_NAME = "App Icon & Top Shelf Image";
				ASSETCATALOG_COMPILER_LAUNCHIMAGE_NAME = LaunchImage;
				CLANG_ANALYZER_NONNULL = YES;
				COPY_PHASE_STRIP = NO;
				DEBUG_INFORMATION_FORMAT = "dwarf-with-dsym";
				GCC_NO_COMMON_BLOCKS = YES;
				INFOPLIST_FILE = UIAlertControllerBlocksTVExample/Info.plist;
				LD_RUNPATH_SEARCH_PATHS = "$(inherited) @executable_path/Frameworks";
				PRODUCT_BUNDLE_IDENTIFIER = nz.co.xwell.UIAlertControllerBlocksTVExample;
				PRODUCT_NAME = "$(TARGET_NAME)";
				SDKROOT = appletvos;
				TARGETED_DEVICE_FAMILY = 3;
				TVOS_DEPLOYMENT_TARGET = 9.2;
			};
			name = Release;
		};
/* End XCBuildConfiguration section */

/* Begin XCConfigurationList section */
		944A454C19C14996001A402B /* Build configuration list for PBXProject "UIAlertControllerBlocks" */ = {
			isa = XCConfigurationList;
			buildConfigurations = (
				944A457219C14996001A402B /* Debug */,
				944A457319C14996001A402B /* Release */,
			);
			defaultConfigurationIsVisible = 0;
			defaultConfigurationName = Release;
		};
		944A457419C14996001A402B /* Build configuration list for PBXNativeTarget "UIAlertControllerBlocksExample" */ = {
			isa = XCConfigurationList;
			buildConfigurations = (
				944A457519C14996001A402B /* Debug */,
				944A457619C14996001A402B /* Release */,
			);
			defaultConfigurationIsVisible = 0;
			defaultConfigurationName = Release;
		};
		944A457719C14996001A402B /* Build configuration list for PBXNativeTarget "UIAlertControllerBlocksTests" */ = {
			isa = XCConfigurationList;
			buildConfigurations = (
				944A457819C14996001A402B /* Debug */,
				944A457919C14996001A402B /* Release */,
			);
			defaultConfigurationIsVisible = 0;
			defaultConfigurationName = Release;
		};
		9474905E1D5BD89B00D606FB /* Build configuration list for PBXNativeTarget "UIAlertControllerBlocksTVExample" */ = {
			isa = XCConfigurationList;
			buildConfigurations = (
				9474905F1D5BD89B00D606FB /* Debug */,
				947490601D5BD89B00D606FB /* Release */,
			);
			defaultConfigurationIsVisible = 0;
			defaultConfigurationName = Release;
		};
/* End XCConfigurationList section */
	};
	rootObject = 944A454919C14996001A402B /* Project object */;
}
